// !$*UTF8*$!
{
	archiveVersion = 1;
	classes = {
	};
	objectVersion = 46;
	objects = {

/* Begin PBXBuildFile section */
		5EA504F31CB7AB0F007D2CBD /* AppDelegate.swift in Sources */ = {isa = PBXBuildFile; fileRef = 5EA504F21CB7AB0F007D2CBD /* AppDelegate.swift */; };
		5EA504F51CB7AB0F007D2CBD /* ViewController.swift in Sources */ = {isa = PBXBuildFile; fileRef = 5EA504F41CB7AB0F007D2CBD /* ViewController.swift */; };
		5EA504F81CB7AB0F007D2CBD /* Main.storyboard in Resources */ = {isa = PBXBuildFile; fileRef = 5EA504F61CB7AB0F007D2CBD /* Main.storyboard */; };
		5EA504FA1CB7AB0F007D2CBD /* Assets.xcassets in Resources */ = {isa = PBXBuildFile; fileRef = 5EA504F91CB7AB0F007D2CBD /* Assets.xcassets */; };
		5EA504FD1CB7AB0F007D2CBD /* LaunchScreen.storyboard in Resources */ = {isa = PBXBuildFile; fileRef = 5EA504FB1CB7AB0F007D2CBD /* LaunchScreen.storyboard */; };
/* End PBXBuildFile section */

/* Begin PBXFileReference section */
		5EA504EF1CB7AB0F007D2CBD /* xemhinh.app */ = {isa = PBXFileReference; explicitFileType = wrapper.application; includeInIndex = 0; path = xemhinh.app; sourceTree = BUILT_PRODUCTS_DIR; };
		5EA504F21CB7AB0F007D2CBD /* AppDelegate.swift */ = {isa = PBXFileReference; lastKnownFileType = sourcecode.swift; path = AppDelegate.swift; sourceTree = "<group>"; };
		5EA504F41CB7AB0F007D2CBD /* ViewController.swift */ = {isa = PBXFileReference; lastKnownFileType = sourcecode.swift; path = ViewController.swift; sourceTree = "<group>"; };
		5EA504F71CB7AB0F007D2CBD /* Base */ = {isa = PBXFileReference; lastKnownFileType = file.storyboard; name = Base; path = Base.lproj/Main.storyboard; sourceTree = "<group>"; };
		5EA504F91CB7AB0F007D2CBD /* Assets.xcassets */ = {isa = PBXFileReference; lastKnownFileType = folder.assetcatalog; path = Assets.xcassets; sourceTree = "<group>"; };
		5EA504FC1CB7AB0F007D2CBD /* Base */ = {isa = PBXFileReference; lastKnownFileType = file.storyboard; name = Base; path = Base.lproj/LaunchScreen.storyboard; sourceTree = "<group>"; };
		5EA504FE1CB7AB0F007D2CBD /* Info.plist */ = {isa = PBXFileReference; lastKnownFileType = text.plist.xml; path = Info.plist; sourceTree = "<group>"; };
/* End PBXFileReference section */

/* Begin PBXFrameworksBuildPhase section */
		5EA504EC1CB7AB0F007D2CBD /* Frameworks */ = {
			isa = PBXFrameworksBuildPhase;
			buildActionMask = 2147483647;
			files = (
			);
			runOnlyForDeploymentPostprocessing = 0;
		};
/* End PBXFrameworksBuildPhase section */

/* Begin PBXGroup section */
		5EA504E61CB7AB0F007D2CBD = {
			isa = PBXGroup;
			children = (
				5EA504F11CB7AB0F007D2CBD /* xemhinh */,
				5EA504F01CB7AB0F007D2CBD /* Products */,
			);
			sourceTree = "<group>";
		};
		5EA504F01CB7AB0F007D2CBD /* Products */ = {
			isa = PBXGroup;
			children = (
				5EA504EF1CB7AB0F007D2CBD /* xemhinh.app */,
			);
			name = Products;
			sourceTree = "<group>";
		};
		5EA504F11CB7AB0F007D2CBD /* xemhinh */ = {
			isa = PBXGroup;
			children = (
				5EA504F21CB7AB0F007D2CBD /* AppDelegate.swift */,
				5EA504F41CB7AB0F007D2CBD /* ViewController.swift */,
				5EA504F61CB7AB0F007D2CBD /* Main.storyboard */,
				5EA504F91CB7AB0F007D2CBD /* Assets.xcassets */,
				5EA504FB1CB7AB0F007D2CBD /* LaunchScreen.storyboard */,
				5EA504FE1CB7AB0F007D2CBD /* Info.plist */,
			);
			path = xemhinh;
			sourceTree = "<group>";
		};
/* End PBXGroup section */

/* Begin PBXNativeTarget section */
		5EA504EE1CB7AB0F007D2CBD /* xemhinh */ = {
			isa = PBXNativeTarget;
			buildConfigurationList = 5EA505011CB7AB0F007D2CBD /* Build configuration list for PBXNativeTarget "xemhinh" */;
			buildPhases = (
				5EA504EB1CB7AB0F007D2CBD /* Sources */,
				5EA504EC1CB7AB0F007D2CBD /* Frameworks */,
				5EA504ED1CB7AB0F007D2CBD /* Resources */,
			);
			buildRules = (
			);
			dependencies = (
			);
			name = xemhinh;
			productName = xemhinh;
			productReference = 5EA504EF1CB7AB0F007D2CBD /* xemhinh.app */;
			productType = "com.apple.product-type.application";
		};
/* End PBXNativeTarget section */

/* Begin PBXProject section */
		5EA504E71CB7AB0F007D2CBD /* Project object */ = {
			isa = PBXProject;
			attributes = {
				LastSwiftUpdateCheck = 0730;
				LastUpgradeCheck = 0730;
				ORGANIZATIONNAME = uit;
				TargetAttributes = {
					5EA504EE1CB7AB0F007D2CBD = {
						CreatedOnToolsVersion = 7.3;
						DevelopmentTeam = ULS3CQ33YK;
					};
				};
			};
			buildConfigurationList = 5EA504EA1CB7AB0F007D2CBD /* Build configuration list for PBXProject "xemhinh" */;
			compatibilityVersion = "Xcode 3.2";
			developmentRegion = English;
			hasScannedForEncodings = 0;
			knownRegions = (
				en,
				Base,
			);
			mainGroup = 5EA504E61CB7AB0F007D2CBD;
			productRefGroup = 5EA504F01CB7AB0F007D2CBD /* Products */;
			projectDirPath = "";
			projectRoot = "";
			targets = (
				5EA504EE1CB7AB0F007D2CBD /* xemhinh */,
			);
		};
/* End PBXProject section */

/* Begin PBXResourcesBuildPhase section */
		5EA504ED1CB7AB0F007D2CBD /* Resources */ = {
			isa = PBXResourcesBuildPhase;
			buildActionMask = 2147483647;
			files = (
				5EA504FD1CB7AB0F007D2CBD /* LaunchScreen.storyboard in Resources */,
				5EA504FA1CB7AB0F007D2CBD /* Assets.xcassets in Resources */,
				5EA504F81CB7AB0F007D2CBD /* Main.storyboard in Resources */,
			);
			runOnlyForDeploymentPostprocessing = 0;
		};
/* End PBXResourcesBuildPhase section */

/* Begin PBXSourcesBuildPhase section */
		5EA504EB1CB7AB0F007D2CBD /* Sources */ = {
			isa = PBXSourcesBuildPhase;
			buildActionMask = 2147483647;
			files = (
				5EA504F51CB7AB0F007D2CBD /* ViewController.swift in Sources */,
				5EA504F31CB7AB0F007D2CBD /* AppDelegate.swift in Sources */,
			);
			runOnlyForDeploymentPostprocessing = 0;
		};
/* End PBXSourcesBuildPhase section */

/* Begin PBXVariantGroup section */
		5EA504F61CB7AB0F007D2CBD /* Main.storyboard */ = {
			isa = PBXVariantGroup;
			children = (
				5EA504F71CB7AB0F007D2CBD /* Base */,
			);
			name = Main.storyboard;
			sourceTree = "<group>";
		};
		5EA504FB1CB7AB0F007D2CBD /* LaunchScreen.storyboard */ = {
			isa = PBXVariantGroup;
			children = (
				5EA504FC1CB7AB0F007D2CBD /* Base */,
			);
			name = LaunchScreen.storyboard;
			sourceTree = "<group>";
		};
/* End PBXVariantGroup section */

/* Begin XCBuildConfiguration section */
		5EA504FF1CB7AB0F007D2CBD /* Debug */ = {
			isa = XCBuildConfiguration;
			buildSettings = {
				ALWAYS_SEARCH_USER_PATHS = NO;
				CLANG_ANALYZER_NONNULL = YES;
				CLANG_CXX_LANGUAGE_STANDARD = "gnu++0x";
				CLANG_CXX_LIBRARY = "libc++";
				CLANG_ENABLE_MODULES = YES;
				CLANG_ENABLE_OBJC_ARC = YES;
				CLANG_WARN_BOOL_CONVERSION = YES;
				CLANG_WARN_CONSTANT_CONVERSION = YES;
				CLANG_WARN_DIRECT_OBJC_ISA_USAGE = YES_ERROR;
				CLANG_WARN_EMPTY_BODY = YES;
				CLANG_WARN_ENUM_CONVERSION = YES;
				CLANG_WARN_INT_CONVERSION = YES;
				CLANG_WARN_OBJC_ROOT_CLASS = YES_ERROR;
				CLANG_WARN_UNREACHABLE_CODE = YES;
				CLANG_WARN__DUPLICATE_METHOD_MATCH = YES;
				"CODE_SIGN_IDENTITY[sdk=iphoneos*]" = "iPhone Developer";
				COPY_PHASE_STRIP = NO;
				DEBUG_INFORMATION_FORMAT = dwarf;
				ENABLE_STRICT_OBJC_MSGSEND = YES;
				ENABLE_TESTABILITY = YES;
				GCC_C_LANGUAGE_STANDARD = gnu99;
				GCC_DYNAMIC_NO_PIC = NO;
				GCC_NO_COMMON_BLOCKS = YES;
				GCC_OPTIMIZATION_LEVEL = 0;
				GCC_PREPROCESSOR_DEFINITIONS = (
					"DEBUG=1",
					"$(inherited)",
				);
				GCC_WARN_64_TO_32_BIT_CONVERSION = YES;
				GCC_WARN_ABOUT_RETURN_TYPE = YES_ERROR;
				GCC_WARN_UNDECLARED_SELECTOR = YES;
				GCC_WARN_UNINITIALIZED_AUTOS = YES_AGGRESSIVE;
				GCC_WARN_UNUSED_FUNCTION = YES;
				GCC_WARN_UNUSED_VARIABLE = YES;
				IPHONEOS_DEPLOYMENT_TARGET = 9.3;
				MTL_ENABLE_DEBUG_INFO = YES;
				ONLY_ACTIVE_ARCH = YES;
				SDKROOT = iphoneos;
				SWIFT_OPTIMIZATION_LEVEL = "-Onone";
			};
			name = Debug;
		};
		5EA505001CB7AB0F007D2CBD /* Release */ = {
			isa = XCBuildConfiguration;
			buildSettings = {
				ALWAYS_SEARCH_USER_PATHS = NO;
				CLANG_ANALYZER_NONNULL = YES;
				CLANG_CXX_LANGUAGE_STANDARD = "gnu++0x";
				CLANG_CXX_LIBRARY = "libc++";
				CLANG_ENABLE_MODULES = YES;
				CLANG_ENABLE_OBJC_ARC = YES;
				CLANG_WARN_BOOL_CONVERSION = YES;
				CLANG_WARN_CONSTANT_CONVERSION = YES;
				CLANG_WARN_DIRECT_OBJC_ISA_USAGE = YES_ERROR;
				CLANG_WARN_EMPTY_BODY = YES;
				CLANG_WARN_ENUM_CONVERSION = YES;
				CLANG_WARN_INT_CONVERSION = YES;
				CLANG_WARN_OBJC_ROOT_CLASS = YES_ERROR;
				CLANG_WARN_UNREACHABLE_CODE = YES;
				CLANG_WARN__DUPLICATE_METHOD_MATCH = YES;
				"CODE_SIGN_IDENTITY[sdk=iphoneos*]" = "iPhone Developer";
				COPY_PHASE_STRIP = NO;
				DEBUG_INFORMATION_FORMAT = "dwarf-with-dsym";
				ENABLE_NS_ASSERTIONS = NO;
				ENABLE_STRICT_OBJC_MSGSEND = YES;
				GCC_C_LANGUAGE_STANDARD = gnu99;
				GCC_NO_COMMON_BLOCKS = YES;
				GCC_WARN_64_TO_32_BIT_CONVERSION = YES;
				GCC_WARN_ABOUT_RETURN_TYPE = YES_ERROR;
				GCC_WARN_UNDECLARED_SELECTOR = YES;
				GCC_WARN_UNINITIALIZED_AUTOS = YES_AGGRESSIVE;
				GCC_WARN_UNUSED_FUNCTION = YES;
				GCC_WARN_UNUSED_VARIABLE = YES;
				IPHONEOS_DEPLOYMENT_TARGET = 9.3;
				MTL_ENABLE_DEBUG_INFO = NO;
				SDKROOT = iphoneos;
				VALIDATE_PRODUCT = YES;
			};
			name = Release;
		};
		5EA505021CB7AB0F007D2CBD /* Debug */ = {
			isa = XCBuildConfiguration;
			buildSettings = {
				ASSETCATALOG_COMPILER_APPICON_NAME = AppIcon;
				INFOPLIST_FILE = xemhinh/Info.plist;
				LD_RUNPATH_SEARCH_PATHS = "$(inherited) @executable_path/Frameworks";
				PRODUCT_BUNDLE_IDENTIFIER = uit.xemhinh;
				PRODUCT_NAME = "$(TARGET_NAME)";
			};
			name = Debug;
		};
		5EA505031CB7AB0F007D2CBD /* Release */ = {
			isa = XCBuildConfiguration;
			buildSettings = {
				ASSETCATALOG_COMPILER_APPICON_NAME = AppIcon;
				INFOPLIST_FILE = xemhinh/Info.plist;
				LD_RUNPATH_SEARCH_PATHS = "$(inherited) @executable_path/Frameworks";
				PRODUCT_BUNDLE_IDENTIFIER = uit.xemhinh;
				PRODUCT_NAME = "$(TARGET_NAME)";
			};
			name = Release;
		};
/* End XCBuildConfiguration section */

/* Begin XCConfigurationList section */
		5EA504EA1CB7AB0F007D2CBD /* Build configuration list for PBXProject "xemhinh" */ = {
			isa = XCConfigurationList;
			buildConfigurations = (
				5EA504FF1CB7AB0F007D2CBD /* Debug */,
				5EA505001CB7AB0F007D2CBD /* Release */,
			);
			defaultConfigurationIsVisible = 0;
			defaultConfigurationName = Release;
		};
		5EA505011CB7AB0F007D2CBD /* Build configuration list for PBXNativeTarget "xemhinh" */ = {
			isa = XCConfigurationList;
			buildConfigurations = (
				5EA505021CB7AB0F007D2CBD /* Debug */,
				5EA505031CB7AB0F007D2CBD /* Release */,
			);
			defaultConfigurationIsVisible = 0;
		};
/* End XCConfigurationList section */
	};
	rootObject = 5EA504E71CB7AB0F007D2CBD /* Project object */;
}
